
Microsoft Visual Studio Solution File, Format Version 12.00
# Visual Studio Version 16
VisualStudioVersion = 16.0.32901.82
MinimumVisualStudioVersion = 10.0.40219.1
Project("{8BC9CEB8-8B4A-11D0-8D11-00A0C91BC942}") = "Chess", "Chess.vcxproj", "{657EFE4A-B686-443C-958A-7D13124D66B1}"
EndProject
Global
	GlobalSection(SolutionConfigurationPlatforms) = preSolution
		Debug|x64 = Debug|x64
		Release|x64 = Release|x64
	EndGlobalSection
	GlobalSection(ProjectConfigurationPlatforms) = postSolution
		{657EFE4A-B686-443C-958A-7D13124D66B1}.Debug|x64.ActiveCfg = Release|x64
		{657EFE4A-B686-443C-958A-7D13124D66B1}.Debug|x64.Build.0 = Release|x64
		{657EFE4A-B686-443C-958A-7D13124D66B1}.Release|x64.ActiveCfg = Release|x64
		{657EFE4A-B686-443C-958A-7D13124D66B1}.Release|x64.Build.0 = Release|x64
	EndGlobalSection
	GlobalSection(SolutionProperties) = preSolution
		HideSolutionNode = FALSE
	EndGlobalSection
	GlobalSection(ExtensibilityGlobals) = postSolution
		SolutionGuid = {B1AFEBF0-9334-4808-9595-5659A6427476}
	EndGlobalSection
EndGlobal
